
Microsoft Visual Studio Solution File, Format Version 12.00
# Visual Studio Version 16
VisualStudioVersion = 16.0.31702.278
MinimumVisualStudioVersion = 10.0.40219.1
Project("{FAE04EC0-301F-11D3-BF4B-00C04F79EFBC}") = "Easee.Cos", "Easee.Cos\Easee.Cos.csproj", "{5F4890D2-1F8D-4E49-A531-0DC7BC1B1389}"
EndProject
Global
	GlobalSection(SolutionConfigurationPlatforms) = preSolution
		Debug|Any CPU = Debug|Any CPU
		Release|Any CPU = Release|Any CPU
	EndGlobalSection
	GlobalSection(ProjectConfigurationPlatforms) = postSolution
		{5F4890D2-1F8D-4E49-A531-0DC7BC1B1389}.Debug|Any CPU.ActiveCfg = Debug|Any CPU
		{5F4890D2-1F8D-4E49-A531-0DC7BC1B1389}.Debug|Any CPU.Build.0 = Debug|Any CPU
		{5F4890D2-1F8D-4E49-A531-0DC7BC1B1389}.Release|Any CPU.ActiveCfg = Release|Any CPU
		{5F4890D2-1F8D-4E49-A531-0DC7BC1B1389}.Release|Any CPU.Build.0 = Release|Any CPU
	EndGlobalSection
	GlobalSection(SolutionProperties) = preSolution
		HideSolutionNode = FALSE
	EndGlobalSection
	GlobalSection(ExtensibilityGlobals) = postSolution
		SolutionGuid = {60DD4704-2714-4A7D-97D3-D1F97C12E46F}
	EndGlobalSection
EndGlobal
